
Microsoft Visual Studio Solution File, Format Version 12.00
# Visual Studio 15
VisualStudioVersion = 15.0.28307.1267
MinimumVisualStudioVersion = 10.0.40219.1
Project("{FAE04EC0-301F-11D3-BF4B-00C04F79EFBC}") = "botProizvodstvoLPC2", "botProizvodstvoLPC2\botProizvodstvoLPC2.csproj", "{44616C32-D2B2-4BBE-9127-74230F6F3A23}"
EndProject
Global
	GlobalSection(SolutionConfigurationPlatforms) = preSolution
		Debug|Any CPU = Debug|Any CPU
		Release|Any CPU = Release|Any CPU
	EndGlobalSection
	GlobalSection(ProjectConfigurationPlatforms) = postSolution
		{44616C32-D2B2-4BBE-9127-74230F6F3A23}.Debug|Any CPU.ActiveCfg = Debug|Any CPU
		{44616C32-D2B2-4BBE-9127-74230F6F3A23}.Debug|Any CPU.Build.0 = Debug|Any CPU
		{44616C32-D2B2-4BBE-9127-74230F6F3A23}.Release|Any CPU.ActiveCfg = Release|Any CPU
		{44616C32-D2B2-4BBE-9127-74230F6F3A23}.Release|Any CPU.Build.0 = Release|Any CPU
	EndGlobalSection
	GlobalSection(SolutionProperties) = preSolution
		HideSolutionNode = FALSE
	EndGlobalSection
	GlobalSection(ExtensibilityGlobals) = postSolution
		SolutionGuid = {81DF1D70-F92E-4EBB-8F35-2CD178255A91}
	EndGlobalSection
EndGlobal
